
Microsoft Visual Studio Solution File, Format Version 12.00
# Visual Studio Version 17
VisualStudioVersion = 17.2.32630.192
MinimumVisualStudioVersion = 10.0.40219.1
Project("{FAE04EC0-301F-11D3-BF4B-00C04F79EFBC}") = "CommentsApp", "CommentsApp.csproj", "{B9F58DE9-DCA4-42F2-ADB7-31003371E8DF}"
EndProject
Global
	GlobalSection(SolutionConfigurationPlatforms) = preSolution
		Debug|Any CPU = Debug|Any CPU
		Release|Any CPU = Release|Any CPU
	EndGlobalSection
	GlobalSection(ProjectConfigurationPlatforms) = postSolution
		{B9F58DE9-DCA4-42F2-ADB7-31003371E8DF}.Debug|Any CPU.ActiveCfg = Debug|Any CPU
		{B9F58DE9-DCA4-42F2-ADB7-31003371E8DF}.Debug|Any CPU.Build.0 = Debug|Any CPU
		{B9F58DE9-DCA4-42F2-ADB7-31003371E8DF}.Release|Any CPU.ActiveCfg = Release|Any CPU
		{B9F58DE9-DCA4-42F2-ADB7-31003371E8DF}.Release|Any CPU.Build.0 = Release|Any CPU
	EndGlobalSection
	GlobalSection(SolutionProperties) = preSolution
		HideSolutionNode = FALSE
	EndGlobalSection
	GlobalSection(ExtensibilityGlobals) = postSolution
		SolutionGuid = {52850419-2CE8-42DF-A64A-813C0FAACB0F}
	EndGlobalSection
EndGlobal
